
Microsoft Visual Studio Solution File, Format Version 12.00
# Visual Studio 15
VisualStudioVersion = 15.0.27428.2037
MinimumVisualStudioVersion = 10.0.40219.1
Project("{00D1A9C2-B5F0-4AF3-8072-F6C62B433612}") = "Week10Transaction", "Week10Transaction\Week10Transaction.sqlproj", "{7FE944EB-FDC5-4579-ACB9-B0F3164C24E3}"
EndProject
Global
	GlobalSection(SolutionConfigurationPlatforms) = preSolution
		Debug|Any CPU = Debug|Any CPU
		Release|Any CPU = Release|Any CPU
	EndGlobalSection
	GlobalSection(ProjectConfigurationPlatforms) = postSolution
		{7FE944EB-FDC5-4579-ACB9-B0F3164C24E3}.Debug|Any CPU.ActiveCfg = Debug|Any CPU
		{7FE944EB-FDC5-4579-ACB9-B0F3164C24E3}.Debug|Any CPU.Build.0 = Debug|Any CPU
		{7FE944EB-FDC5-4579-ACB9-B0F3164C24E3}.Debug|Any CPU.Deploy.0 = Debug|Any CPU
		{7FE944EB-FDC5-4579-ACB9-B0F3164C24E3}.Release|Any CPU.ActiveCfg = Release|Any CPU
		{7FE944EB-FDC5-4579-ACB9-B0F3164C24E3}.Release|Any CPU.Build.0 = Release|Any CPU
		{7FE944EB-FDC5-4579-ACB9-B0F3164C24E3}.Release|Any CPU.Deploy.0 = Release|Any CPU
	EndGlobalSection
	GlobalSection(SolutionProperties) = preSolution
		HideSolutionNode = FALSE
	EndGlobalSection
	GlobalSection(ExtensibilityGlobals) = postSolution
		SolutionGuid = {BF45236B-C2BB-432B-AED2-4CBC53473FC9}
	EndGlobalSection
EndGlobal
